
Microsoft Visual Studio Solution File, Format Version 12.00
# Visual Studio Version 17
VisualStudioVersion = 17.1.32228.430
MinimumVisualStudioVersion = 10.0.40219.1
Project("{FAE04EC0-301F-11D3-BF4B-00C04F79EFBC}") = "teste", "teste\teste.csproj", "{4039AE4C-AF62-4B4A-B61C-95CDD9197969}"
EndProject
Global
	GlobalSection(SolutionConfigurationPlatforms) = preSolution
		Debug|Any CPU = Debug|Any CPU
		Release|Any CPU = Release|Any CPU
	EndGlobalSection
	GlobalSection(ProjectConfigurationPlatforms) = postSolution
		{4039AE4C-AF62-4B4A-B61C-95CDD9197969}.Debug|Any CPU.ActiveCfg = Debug|Any CPU
		{4039AE4C-AF62-4B4A-B61C-95CDD9197969}.Debug|Any CPU.Build.0 = Debug|Any CPU
		{4039AE4C-AF62-4B4A-B61C-95CDD9197969}.Release|Any CPU.ActiveCfg = Release|Any CPU
		{4039AE4C-AF62-4B4A-B61C-95CDD9197969}.Release|Any CPU.Build.0 = Release|Any CPU
	EndGlobalSection
	GlobalSection(SolutionProperties) = preSolution
		HideSolutionNode = FALSE
	EndGlobalSection
	GlobalSection(ExtensibilityGlobals) = postSolution
		SolutionGuid = {956023E0-C837-4412-ACF4-159129C70B9C}
	EndGlobalSection
EndGlobal
